PODS:
  - ALCameraViewController (2.0.0)
  - Eureka (3.0.0)
  - Intercom (4.1.2)

DEPENDENCIES:
  - ALCameraViewController (from `https://github.com/Tulleb/ALCameraViewController.git`)
  - Eureka (from `https://github.com/xmartlabs/Eureka.git`, branch `feature/Xcode9-Swift3_2`)
  - Intercom

EXTERNAL SOURCES:
  ALCameraViewController:
    :git: https://github.com/Tulleb/ALCameraViewController.git
  Eureka:
    :branch: feature/Xcode9-Swift3_2
    :git: https://github.com/xmartlabs/Eureka.git

CHECKOUT OPTIONS:
  ALCameraViewController:
    :commit: aee4a64a9863d05c1317af79bcb0e1c3f3f613c6
    :git: https://github.com/Tulleb/ALCameraViewController.git
  Eureka:
    :commit: 05acfb04c24a480f1868e671d19b39e0f22fc265
    :git: https://github.com/xmartlabs/Eureka.git

SPEC CHECKSUMS:
  ALCameraViewController: a25740cfe95c0f06334b099e882a6c6871974637
  Eureka: 5b9418d7bfdc21ca977d69d124a6409f3e9af2c7
  Intercom: 56b1c4405dda7b0c79bffd3cc9ae6aa1b5898bda

PODFILE CHECKSUM: f4fbb8c0064b550e78a8b998623b1b0eca002f51

COCOAPODS: 1.2.1
