PODS:
  - ALCameraViewController (2.0.0)
  - Eureka (4.0.0)

DEPENDENCIES:
  - ALCameraViewController (from `https://github.com/Tulleb/ALCameraViewController.git`)
  - Eureka (= 4.0.0)

EXTERNAL SOURCES:
  ALCameraViewController:
    :git: https://github.com/Tulleb/ALCameraViewController.git

CHECKOUT OPTIONS:
  ALCameraViewController:
    :commit: aee4a64a9863d05c1317af79bcb0e1c3f3f613c6
    :git: https://github.com/Tulleb/ALCameraViewController.git

SPEC CHECKSUMS:
  ALCameraViewController: a25740cfe95c0f06334b099e882a6c6871974637
  Eureka: c0b55d2aec82050c1400c7d65960b700be8d10ef

PODFILE CHECKSUM: c7405ac69ae283079e955635cc25de996bfaf4fd

COCOAPODS: 1.2.1
