// !$*UTF8*$!
{
	archiveVersion = 1;
	classes = {
	};
	objectVersion = 46;
	objects = {

/* Begin PBXBuildFile section */
		21153CA11EFA5AF80075F73A /* PPBankTransferAccountDetailsViewController.swift in Sources */ = {isa = PBXBuildFile; fileRef = 21153CA01EFA5AF80075F73A /* PPBankTransferAccountDetailsViewController.swift */; };
		21203F171F0CF62C002A24B7 /* ContactsConnection.swift in Sources */ = {isa = PBXBuildFile; fileRef = 21203F161F0CF62C002A24B7 /* ContactsConnection.swift */; };
		212100D31EF9069700208F72 /* PPBankTransfeReferenceViewController.swift in Sources */ = {isa = PBXBuildFile; fileRef = 212100D21EF9069700208F72 /* PPBankTransfeReferenceViewController.swift */; };
		212100D51EF9091600208F72 /* PPBankTransfeReferenceListViewController.swift in Sources */ = {isa = PBXBuildFile; fileRef = 212100D41EF9091600208F72 /* PPBankTransfeReferenceListViewController.swift */; };
		2128DBE61F0E20800051FC8E /* PPSendMoneyAmountViewController.swift in Sources */ = {isa = PBXBuildFile; fileRef = 2128DBE51F0E20800051FC8E /* PPSendMoneyAmountViewController.swift */; };
		2128DBE91F0E93CA0051FC8E /* ExtensionString.swift in Sources */ = {isa = PBXBuildFile; fileRef = 2128DBE81F0E93CA0051FC8E /* ExtensionString.swift */; };
		213381271EFD1A5B0007A509 /* PPProfileViewController.swift in Sources */ = {isa = PBXBuildFile; fileRef = 213381261EFD1A5B0007A509 /* PPProfileViewController.swift */; };
		213381291EFD1E2A0007A509 /* PPInfoViewController.swift in Sources */ = {isa = PBXBuildFile; fileRef = 213381281EFD1E2A0007A509 /* PPInfoViewController.swift */; };
		215540591EF3CCD500670E86 /* PPContactViewController.swift in Sources */ = {isa = PBXBuildFile; fileRef = 215540581EF3CCD500670E86 /* PPContactViewController.swift */; };
		2155405B1EF3D7C900670E86 /* Contacts.framework in Frameworks */ = {isa = PBXBuildFile; fileRef = 2155405A1EF3D7C900670E86 /* Contacts.framework */; };
		2155405D1EF3D7D400670E86 /* ContactsUI.framework in Frameworks */ = {isa = PBXBuildFile; fileRef = 2155405C1EF3D7D400670E86 /* ContactsUI.framework */; };
		215540601EF3EF2100670E86 /* Extensions.swift in Sources */ = {isa = PBXBuildFile; fileRef = 2155405F1EF3EF2100670E86 /* Extensions.swift */; };
		215540621EF3EF3E00670E86 /* ContactsPicker.swift in Sources */ = {isa = PBXBuildFile; fileRef = 215540611EF3EF3E00670E86 /* ContactsPicker.swift */; };
		2156A4D11F0A3318005EEE68 /* PPSendMoneyConfirmViewController.swift in Sources */ = {isa = PBXBuildFile; fileRef = 2156A4D01F0A3318005EEE68 /* PPSendMoneyConfirmViewController.swift */; };
		215FC1121EF14542005E69EE /* PPStatementViewController.swift in Sources */ = {isa = PBXBuildFile; fileRef = 215FC1111EF14542005E69EE /* PPStatementViewController.swift */; };
		217316B91F05072D00DB0B14 /* PPAcountViewController.swift in Sources */ = {isa = PBXBuildFile; fileRef = 217316B81F05072D00DB0B14 /* PPAcountViewController.swift */; };
		217316BB1F05084900DB0B14 /* PPSupportViewController.swift in Sources */ = {isa = PBXBuildFile; fileRef = 217316BA1F05084900DB0B14 /* PPSupportViewController.swift */; };
		217316BD1F053C3300DB0B14 /* PPBankTransfeResumViewController.swift in Sources */ = {isa = PBXBuildFile; fileRef = 217316BC1F053C3300DB0B14 /* PPBankTransfeResumViewController.swift */; };
		21A114ED1EF9688A00664883 /* PPBankTransfeAmountViewController.swift in Sources */ = {isa = PBXBuildFile; fileRef = 21A114EC1EF9688A00664883 /* PPBankTransfeAmountViewController.swift */; };
		21B948631EE700B30099A79F /* Colors.swift in Sources */ = {isa = PBXBuildFile; fileRef = 21B948621EE700B30099A79F /* Colors.swift */; };
		47DF01DE01E7D7D898A65AFE /* Pods_thepayproapp.framework in Frameworks */ = {isa = PBXBuildFile; fileRef = A8C53BEA6DF55F45B648C894 /* Pods_thepayproapp.framework */; };
		6A0CE8EB1EF58D5E000C0D1F /* ContactCell.swift in Sources */ = {isa = PBXBuildFile; fileRef = 6A0CE8EA1EF58D5E000C0D1F /* ContactCell.swift */; };
		6A0CE8ED1EF58D7A000C0D1F /* Contact.swift in Sources */ = {isa = PBXBuildFile; fileRef = 6A0CE8EC1EF58D7A000C0D1F /* Contact.swift */; };
		6A0CE8EF1EF58D92000C0D1F /* Constants.swift in Sources */ = {isa = PBXBuildFile; fileRef = 6A0CE8EE1EF58D92000C0D1F /* Constants.swift */; };
		6A0CE8F11EF58DB9000C0D1F /* ContactCell.xib in Resources */ = {isa = PBXBuildFile; fileRef = 6A0CE8F01EF58DB9000C0D1F /* ContactCell.xib */; };
		6A0CE8FA1EF6D816000C0D1F /* PPBankTransfeViewController.swift in Sources */ = {isa = PBXBuildFile; fileRef = 6A0CE8F91EF6D816000C0D1F /* PPBankTransfeViewController.swift */; };
		6A0CE8FC1EF6E600000C0D1F /* PPBankTransfeBeneficiaryTypeViewController.swift in Sources */ = {isa = PBXBuildFile; fileRef = 6A0CE8FB1EF6E600000C0D1F /* PPBankTransfeBeneficiaryTypeViewController.swift */; };
		6A4AE5B51F1374A80041B63F /* (null) in Frameworks */ = {isa = PBXBuildFile; };
		77324EC23C69DAC949032A50 /* Pods_thepayproappTests.framework in Frameworks */ = {isa = PBXBuildFile; fileRef = E61F7BACC0A7CA6BAD1E0FB1 /* Pods_thepayproappTests.framework */; };
		898982352C785B0A87DE711B /* Pods_thepayproappUITests.framework in Frameworks */ = {isa = PBXBuildFile; fileRef = BF7D9CB0B12DBCFD3FE80391 /* Pods_thepayproappUITests.framework */; };
		BF0275C51EF1285D000EA475 /* thepayproapp.xcdatamodeld in Sources */ = {isa = PBXBuildFile; fileRef = BF0275C31EF1285D000EA475 /* thepayproapp.xcdatamodeld */; };
		BF2345721EF7B13400C50004 /* User+Connection.swift in Sources */ = {isa = PBXBuildFile; fileRef = BF2345711EF7B13400C50004 /* User+Connection.swift */; };
		BF2345751EF7B2DA00C50004 /* PPService.swift in Sources */ = {isa = PBXBuildFile; fileRef = BF2345741EF7B2DA00C50004 /* PPService.swift */; };
		BF31E8641EF90108004C233E /* User+CoreDataClass.swift in Sources */ = {isa = PBXBuildFile; fileRef = BF31E8621EF90108004C233E /* User+CoreDataClass.swift */; };
		BF31E8651EF90108004C233E /* User+CoreDataProperties.swift in Sources */ = {isa = PBXBuildFile; fileRef = BF31E8631EF90108004C233E /* User+CoreDataProperties.swift */; };
		BF31E8681EF933C0004C233E /* PPEntryViewController.swift in Sources */ = {isa = PBXBuildFile; fileRef = BF31E8671EF933C0004C233E /* PPEntryViewController.swift */; };
		BF401F951F1CD0CA0071EA84 /* PPTransactionTableViewCell.swift in Sources */ = {isa = PBXBuildFile; fileRef = BF401F931F1CD0CA0071EA84 /* PPTransactionTableViewCell.swift */; };
		BF401F961F1CD0CA0071EA84 /* PPTransactionTableViewCell.xib in Resources */ = {isa = PBXBuildFile; fileRef = BF401F941F1CD0CA0071EA84 /* PPTransactionTableViewCell.xib */; };
		BF42C2931EFA629F00DFBED7 /* Utils.swift in Sources */ = {isa = PBXBuildFile; fileRef = BF42C2921EFA629F00DFBED7 /* Utils.swift */; };
		BF42C2961EFA7A6900DFBED7 /* PPPasscodeViewController.swift in Sources */ = {isa = PBXBuildFile; fileRef = BF42C2951EFA7A6900DFBED7 /* PPPasscodeViewController.swift */; };
		BF56BABE1EF26BF300429005 /* GroupMember+CoreDataClass.swift in Sources */ = {isa = PBXBuildFile; fileRef = BF56BAB01EF26BF300429005 /* GroupMember+CoreDataClass.swift */; };
		BF56BABF1EF26BF300429005 /* GroupMember+CoreDataProperties.swift in Sources */ = {isa = PBXBuildFile; fileRef = BF56BAB11EF26BF300429005 /* GroupMember+CoreDataProperties.swift */; };
		BF56BAC01EF26BF300429005 /* Invite+CoreDataClass.swift in Sources */ = {isa = PBXBuildFile; fileRef = BF56BAB21EF26BF300429005 /* Invite+CoreDataClass.swift */; };
		BF56BAC11EF26BF300429005 /* Invite+CoreDataProperties.swift in Sources */ = {isa = PBXBuildFile; fileRef = BF56BAB31EF26BF300429005 /* Invite+CoreDataProperties.swift */; };
		BF56BAC21EF26BF300429005 /* Transaction+CoreDataClass.swift in Sources */ = {isa = PBXBuildFile; fileRef = BF56BAB41EF26BF300429005 /* Transaction+CoreDataClass.swift */; };
		BF56BAC31EF26BF300429005 /* Transaction+CoreDataProperties.swift in Sources */ = {isa = PBXBuildFile; fileRef = BF56BAB51EF26BF300429005 /* Transaction+CoreDataProperties.swift */; };
		BF56BAC41EF26BF300429005 /* Offset+CoreDataClass.swift in Sources */ = {isa = PBXBuildFile; fileRef = BF56BAB61EF26BF300429005 /* Offset+CoreDataClass.swift */; };
		BF56BAC51EF26BF300429005 /* Offset+CoreDataProperties.swift in Sources */ = {isa = PBXBuildFile; fileRef = BF56BAB71EF26BF300429005 /* Offset+CoreDataProperties.swift */; };
		BF56BAC61EF26BF300429005 /* OffsetTransaction+CoreDataClass.swift in Sources */ = {isa = PBXBuildFile; fileRef = BF56BAB81EF26BF300429005 /* OffsetTransaction+CoreDataClass.swift */; };
		BF56BAC71EF26BF300429005 /* OffsetTransaction+CoreDataProperties.swift in Sources */ = {isa = PBXBuildFile; fileRef = BF56BAB91EF26BF300429005 /* OffsetTransaction+CoreDataProperties.swift */; };
		BF56BAC81EF26BF300429005 /* Currency+CoreDataClass.swift in Sources */ = {isa = PBXBuildFile; fileRef = BF56BABA1EF26BF300429005 /* Currency+CoreDataClass.swift */; };
		BF56BAC91EF26BF300429005 /* Currency+CoreDataProperties.swift in Sources */ = {isa = PBXBuildFile; fileRef = BF56BABB1EF26BF300429005 /* Currency+CoreDataProperties.swift */; };
		BF56BACA1EF26BF300429005 /* Group+CoreDataClass.swift in Sources */ = {isa = PBXBuildFile; fileRef = BF56BABC1EF26BF300429005 /* Group+CoreDataClass.swift */; };
		BF56BACB1EF26BF300429005 /* Group+CoreDataProperties.swift in Sources */ = {isa = PBXBuildFile; fileRef = BF56BABD1EF26BF300429005 /* Group+CoreDataProperties.swift */; };
		BF612E541EFBBC7D007110D4 /* PPSMSConfirmationViewController.swift in Sources */ = {isa = PBXBuildFile; fileRef = BF612E531EFBBC7D007110D4 /* PPSMSConfirmationViewController.swift */; };
		BF6516041F02467F00CEE051 /* countries-prefixes.json in Resources */ = {isa = PBXBuildFile; fileRef = BF6516031F02467F00CEE051 /* countries-prefixes.json */; };
		BF69E1351F0E328D0004EE4E /* PPCardFirstFormViewController.swift in Sources */ = {isa = PBXBuildFile; fileRef = BF69E1341F0E328D0004EE4E /* PPCardFirstFormViewController.swift */; };
		BF9DB8761EDD770600C8A0ED /* AppDelegate.swift in Sources */ = {isa = PBXBuildFile; fileRef = BF9DB8751EDD770600C8A0ED /* AppDelegate.swift */; };
		BF9DB87D1EDD770600C8A0ED /* Main.storyboard in Resources */ = {isa = PBXBuildFile; fileRef = BF9DB87B1EDD770600C8A0ED /* Main.storyboard */; };
		BF9DB87F1EDD770600C8A0ED /* Assets.xcassets in Resources */ = {isa = PBXBuildFile; fileRef = BF9DB87E1EDD770600C8A0ED /* Assets.xcassets */; };
		BF9DB8821EDD770600C8A0ED /* LaunchScreen.storyboard in Resources */ = {isa = PBXBuildFile; fileRef = BF9DB8801EDD770600C8A0ED /* LaunchScreen.storyboard */; };
		BF9DB88D1EDD770600C8A0ED /* thepayproappTests.swift in Sources */ = {isa = PBXBuildFile; fileRef = BF9DB88C1EDD770600C8A0ED /* thepayproappTests.swift */; };
		BF9DB8981EDD770600C8A0ED /* thepayproappUITests.swift in Sources */ = {isa = PBXBuildFile; fileRef = BF9DB8971EDD770600C8A0ED /* thepayproappUITests.swift */; };
		BFBD893A1F00FA6E003E7A4F /* PPPrefixSelectionViewController.swift in Sources */ = {isa = PBXBuildFile; fileRef = BFBD89391F00FA6E003E7A4F /* PPPrefixSelectionViewController.swift */; };
		BFBD89431F0100FD003E7A4F /* CountryPrefixLocalConnection.swift in Sources */ = {isa = PBXBuildFile; fileRef = BFBD89421F0100FD003E7A4F /* CountryPrefixLocalConnection.swift */; };
		BFDA4CB71F1373D700300261 /* PPCardSecondFormViewController.swift in Sources */ = {isa = PBXBuildFile; fileRef = BFDA4CB61F1373D700300261 /* PPCardSecondFormViewController.swift */; };
		BFDA4CB91F137EF400300261 /* PayProDate.swift in Sources */ = {isa = PBXBuildFile; fileRef = BFDA4CB81F137EF400300261 /* PayProDate.swift */; };
		BFF7FA621EEFE5DE009D798E /* PPTabBarController.swift in Sources */ = {isa = PBXBuildFile; fileRef = BFF7FA611EEFE5DE009D798E /* PPTabBarController.swift */; };
		BFF7FA681EEFF469009D798E /* PPSettingsViewController.swift in Sources */ = {isa = PBXBuildFile; fileRef = BFF7FA671EEFF469009D798E /* PPSettingsViewController.swift */; };
		BFF7FA6B1EEFF48D009D798E /* PPSendMoneyViewController.swift in Sources */ = {isa = PBXBuildFile; fileRef = BFF7FA6A1EEFF48D009D798E /* PPSendMoneyViewController.swift */; };
		BFF7FA6E1EEFF4C9009D798E /* PPGroupsViewController.swift in Sources */ = {isa = PBXBuildFile; fileRef = BFF7FA6D1EEFF4C9009D798E /* PPGroupsViewController.swift */; };
		BFF7FA731EEFF50C009D798E /* PPDemoAccountViewController.swift in Sources */ = {isa = PBXBuildFile; fileRef = BFF7FA721EEFF50B009D798E /* PPDemoAccountViewController.swift */; };
/* End PBXBuildFile section */

/* Begin PBXContainerItemProxy section */
		BF9DB8891EDD770600C8A0ED /* PBXContainerItemProxy */ = {
			isa = PBXContainerItemProxy;
			containerPortal = BF9DB86A1EDD770500C8A0ED /* Project object */;
			proxyType = 1;
			remoteGlobalIDString = BF9DB8711EDD770500C8A0ED;
			remoteInfo = thepayproapp;
		};
		BF9DB8941EDD770600C8A0ED /* PBXContainerItemProxy */ = {
			isa = PBXContainerItemProxy;
			containerPortal = BF9DB86A1EDD770500C8A0ED /* Project object */;
			proxyType = 1;
			remoteGlobalIDString = BF9DB8711EDD770500C8A0ED;
			remoteInfo = thepayproapp;
		};
/* End PBXContainerItemProxy section */

/* Begin PBXFileReference section */
		0AC05682788F4523E6443369 /* Pods-thepayproappUITests.release.xcconfig */ = {isa = PBXFileReference; includeInIndex = 1; lastKnownFileType = text.xcconfig; name = "Pods-thepayproappUITests.release.xcconfig"; path = "Pods/Target Support Files/Pods-thepayproappUITests/Pods-thepayproappUITests.release.xcconfig"; sourceTree = "<group>"; };
		21153CA01EFA5AF80075F73A /* PPBankTransferAccountDetailsViewController.swift */ = {isa = PBXFileReference; fileEncoding = 4; lastKnownFileType = sourcecode.swift; path = PPBankTransferAccountDetailsViewController.swift; sourceTree = "<group>"; };
		21203F161F0CF62C002A24B7 /* ContactsConnection.swift */ = {isa = PBXFileReference; fileEncoding = 4; lastKnownFileType = sourcecode.swift; path = ContactsConnection.swift; sourceTree = "<group>"; };
		212100D21EF9069700208F72 /* PPBankTransfeReferenceViewController.swift */ = {isa = PBXFileReference; fileEncoding = 4; lastKnownFileType = sourcecode.swift; path = PPBankTransfeReferenceViewController.swift; sourceTree = "<group>"; };
		212100D41EF9091600208F72 /* PPBankTransfeReferenceListViewController.swift */ = {isa = PBXFileReference; fileEncoding = 4; lastKnownFileType = sourcecode.swift; path = PPBankTransfeReferenceListViewController.swift; sourceTree = "<group>"; };
		2128DBE51F0E20800051FC8E /* PPSendMoneyAmountViewController.swift */ = {isa = PBXFileReference; fileEncoding = 4; lastKnownFileType = sourcecode.swift; path = PPSendMoneyAmountViewController.swift; sourceTree = "<group>"; };
		2128DBE81F0E93CA0051FC8E /* ExtensionString.swift */ = {isa = PBXFileReference; fileEncoding = 4; lastKnownFileType = sourcecode.swift; path = ExtensionString.swift; sourceTree = "<group>"; };
		213381261EFD1A5B0007A509 /* PPProfileViewController.swift */ = {isa = PBXFileReference; fileEncoding = 4; lastKnownFileType = sourcecode.swift; path = PPProfileViewController.swift; sourceTree = "<group>"; };
		213381281EFD1E2A0007A509 /* PPInfoViewController.swift */ = {isa = PBXFileReference; fileEncoding = 4; lastKnownFileType = sourcecode.swift; path = PPInfoViewController.swift; sourceTree = "<group>"; };
		215540581EF3CCD500670E86 /* PPContactViewController.swift */ = {isa = PBXFileReference; fileEncoding = 4; lastKnownFileType = sourcecode.swift; path = PPContactViewController.swift; sourceTree = "<group>"; };
		2155405A1EF3D7C900670E86 /* Contacts.framework */ = {isa = PBXFileReference; lastKnownFileType = wrapper.framework; name = Contacts.framework; path = System/Library/Frameworks/Contacts.framework; sourceTree = SDKROOT; };
		2155405C1EF3D7D400670E86 /* ContactsUI.framework */ = {isa = PBXFileReference; lastKnownFileType = wrapper.framework; name = ContactsUI.framework; path = System/Library/Frameworks/ContactsUI.framework; sourceTree = SDKROOT; };
		2155405F1EF3EF2100670E86 /* Extensions.swift */ = {isa = PBXFileReference; fileEncoding = 4; lastKnownFileType = sourcecode.swift; path = Extensions.swift; sourceTree = "<group>"; };
		215540611EF3EF3E00670E86 /* ContactsPicker.swift */ = {isa = PBXFileReference; fileEncoding = 4; lastKnownFileType = sourcecode.swift; path = ContactsPicker.swift; sourceTree = "<group>"; };
		2156A4D01F0A3318005EEE68 /* PPSendMoneyConfirmViewController.swift */ = {isa = PBXFileReference; fileEncoding = 4; lastKnownFileType = sourcecode.swift; path = PPSendMoneyConfirmViewController.swift; sourceTree = "<group>"; };
		215FC1111EF14542005E69EE /* PPStatementViewController.swift */ = {isa = PBXFileReference; fileEncoding = 4; lastKnownFileType = sourcecode.swift; path = PPStatementViewController.swift; sourceTree = "<group>"; };
		217316B81F05072D00DB0B14 /* PPAcountViewController.swift */ = {isa = PBXFileReference; fileEncoding = 4; lastKnownFileType = sourcecode.swift; path = PPAcountViewController.swift; sourceTree = "<group>"; };
		217316BA1F05084900DB0B14 /* PPSupportViewController.swift */ = {isa = PBXFileReference; fileEncoding = 4; lastKnownFileType = sourcecode.swift; path = PPSupportViewController.swift; sourceTree = "<group>"; };
		217316BC1F053C3300DB0B14 /* PPBankTransfeResumViewController.swift */ = {isa = PBXFileReference; fileEncoding = 4; lastKnownFileType = sourcecode.swift; path = PPBankTransfeResumViewController.swift; sourceTree = "<group>"; };
		21A114EC1EF9688A00664883 /* PPBankTransfeAmountViewController.swift */ = {isa = PBXFileReference; fileEncoding = 4; lastKnownFileType = sourcecode.swift; path = PPBankTransfeAmountViewController.swift; sourceTree = "<group>"; };
		21B948621EE700B30099A79F /* Colors.swift */ = {isa = PBXFileReference; fileEncoding = 4; lastKnownFileType = sourcecode.swift; path = Colors.swift; sourceTree = "<group>"; };
		220E96BB616D905BE09C4351 /* Pods-thepayproappTests.debug.xcconfig */ = {isa = PBXFileReference; includeInIndex = 1; lastKnownFileType = text.xcconfig; name = "Pods-thepayproappTests.debug.xcconfig"; path = "Pods/Target Support Files/Pods-thepayproappTests/Pods-thepayproappTests.debug.xcconfig"; sourceTree = "<group>"; };
		3AD46AC53B7372C495343342 /* Pods-thepayproapp.release.xcconfig */ = {isa = PBXFileReference; includeInIndex = 1; lastKnownFileType = text.xcconfig; name = "Pods-thepayproapp.release.xcconfig"; path = "Pods/Target Support Files/Pods-thepayproapp/Pods-thepayproapp.release.xcconfig"; sourceTree = "<group>"; };
		6A0CE8EA1EF58D5E000C0D1F /* ContactCell.swift */ = {isa = PBXFileReference; fileEncoding = 4; lastKnownFileType = sourcecode.swift; path = ContactCell.swift; sourceTree = "<group>"; };
		6A0CE8EC1EF58D7A000C0D1F /* Contact.swift */ = {isa = PBXFileReference; fileEncoding = 4; lastKnownFileType = sourcecode.swift; path = Contact.swift; sourceTree = "<group>"; };
		6A0CE8EE1EF58D92000C0D1F /* Constants.swift */ = {isa = PBXFileReference; fileEncoding = 4; lastKnownFileType = sourcecode.swift; path = Constants.swift; sourceTree = "<group>"; };
		6A0CE8F01EF58DB9000C0D1F /* ContactCell.xib */ = {isa = PBXFileReference; fileEncoding = 4; lastKnownFileType = file.xib; path = ContactCell.xib; sourceTree = "<group>"; };
		6A0CE8F91EF6D816000C0D1F /* PPBankTransfeViewController.swift */ = {isa = PBXFileReference; fileEncoding = 4; lastKnownFileType = sourcecode.swift; path = PPBankTransfeViewController.swift; sourceTree = "<group>"; };
		6A0CE8FB1EF6E600000C0D1F /* PPBankTransfeBeneficiaryTypeViewController.swift */ = {isa = PBXFileReference; fileEncoding = 4; lastKnownFileType = sourcecode.swift; path = PPBankTransfeBeneficiaryTypeViewController.swift; sourceTree = "<group>"; };
		92818D24EE98AC7382F0827B /* Pods-thepayproapp.debug.xcconfig */ = {isa = PBXFileReference; includeInIndex = 1; lastKnownFileType = text.xcconfig; name = "Pods-thepayproapp.debug.xcconfig"; path = "Pods/Target Support Files/Pods-thepayproapp/Pods-thepayproapp.debug.xcconfig"; sourceTree = "<group>"; };
		9B2628C7C678438F8E8FEB1E /* Pods-thepayproappTests.release.xcconfig */ = {isa = PBXFileReference; includeInIndex = 1; lastKnownFileType = text.xcconfig; name = "Pods-thepayproappTests.release.xcconfig"; path = "Pods/Target Support Files/Pods-thepayproappTests/Pods-thepayproappTests.release.xcconfig"; sourceTree = "<group>"; };
		A8C53BEA6DF55F45B648C894 /* Pods_thepayproapp.framework */ = {isa = PBXFileReference; explicitFileType = wrapper.framework; includeInIndex = 0; path = Pods_thepayproapp.framework; sourceTree = BUILT_PRODUCTS_DIR; };
		BF0275C41EF1285D000EA475 /* thepayproapp.xcdatamodel */ = {isa = PBXFileReference; lastKnownFileType = wrapper.xcdatamodel; path = thepayproapp.xcdatamodel; sourceTree = "<group>"; };
		BF2345711EF7B13400C50004 /* User+Connection.swift */ = {isa = PBXFileReference; fileEncoding = 4; lastKnownFileType = sourcecode.swift; path = "User+Connection.swift"; sourceTree = "<group>"; };
		BF2345741EF7B2DA00C50004 /* PPService.swift */ = {isa = PBXFileReference; fileEncoding = 4; lastKnownFileType = sourcecode.swift; path = PPService.swift; sourceTree = "<group>"; };
		BF31E8621EF90108004C233E /* User+CoreDataClass.swift */ = {isa = PBXFileReference; fileEncoding = 4; lastKnownFileType = sourcecode.swift; path = "User+CoreDataClass.swift"; sourceTree = "<group>"; };
		BF31E8631EF90108004C233E /* User+CoreDataProperties.swift */ = {isa = PBXFileReference; fileEncoding = 4; lastKnownFileType = sourcecode.swift; path = "User+CoreDataProperties.swift"; sourceTree = "<group>"; };
		BF31E8671EF933C0004C233E /* PPEntryViewController.swift */ = {isa = PBXFileReference; fileEncoding = 4; lastKnownFileType = sourcecode.swift; path = PPEntryViewController.swift; sourceTree = "<group>"; };
		BF401F931F1CD0CA0071EA84 /* PPTransactionTableViewCell.swift */ = {isa = PBXFileReference; fileEncoding = 4; lastKnownFileType = sourcecode.swift; path = PPTransactionTableViewCell.swift; sourceTree = "<group>"; };
		BF401F941F1CD0CA0071EA84 /* PPTransactionTableViewCell.xib */ = {isa = PBXFileReference; fileEncoding = 4; lastKnownFileType = file.xib; path = PPTransactionTableViewCell.xib; sourceTree = "<group>"; };
		BF42C2921EFA629F00DFBED7 /* Utils.swift */ = {isa = PBXFileReference; fileEncoding = 4; lastKnownFileType = sourcecode.swift; path = Utils.swift; sourceTree = "<group>"; };
		BF42C2951EFA7A6900DFBED7 /* PPPasscodeViewController.swift */ = {isa = PBXFileReference; fileEncoding = 4; lastKnownFileType = sourcecode.swift; path = PPPasscodeViewController.swift; sourceTree = "<group>"; };
		BF56BAB01EF26BF300429005 /* GroupMember+CoreDataClass.swift */ = {isa = PBXFileReference; fileEncoding = 4; lastKnownFileType = sourcecode.swift; path = "GroupMember+CoreDataClass.swift"; sourceTree = "<group>"; };
		BF56BAB11EF26BF300429005 /* GroupMember+CoreDataProperties.swift */ = {isa = PBXFileReference; fileEncoding = 4; lastKnownFileType = sourcecode.swift; path = "GroupMember+CoreDataProperties.swift"; sourceTree = "<group>"; };
		BF56BAB21EF26BF300429005 /* Invite+CoreDataClass.swift */ = {isa = PBXFileReference; fileEncoding = 4; lastKnownFileType = sourcecode.swift; path = "Invite+CoreDataClass.swift"; sourceTree = "<group>"; };
		BF56BAB31EF26BF300429005 /* Invite+CoreDataProperties.swift */ = {isa = PBXFileReference; fileEncoding = 4; lastKnownFileType = sourcecode.swift; path = "Invite+CoreDataProperties.swift"; sourceTree = "<group>"; };
		BF56BAB41EF26BF300429005 /* Transaction+CoreDataClass.swift */ = {isa = PBXFileReference; fileEncoding = 4; lastKnownFileType = sourcecode.swift; path = "Transaction+CoreDataClass.swift"; sourceTree = "<group>"; };
		BF56BAB51EF26BF300429005 /* Transaction+CoreDataProperties.swift */ = {isa = PBXFileReference; fileEncoding = 4; lastKnownFileType = sourcecode.swift; path = "Transaction+CoreDataProperties.swift"; sourceTree = "<group>"; };
		BF56BAB61EF26BF300429005 /* Offset+CoreDataClass.swift */ = {isa = PBXFileReference; fileEncoding = 4; lastKnownFileType = sourcecode.swift; path = "Offset+CoreDataClass.swift"; sourceTree = "<group>"; };
		BF56BAB71EF26BF300429005 /* Offset+CoreDataProperties.swift */ = {isa = PBXFileReference; fileEncoding = 4; lastKnownFileType = sourcecode.swift; path = "Offset+CoreDataProperties.swift"; sourceTree = "<group>"; };
		BF56BAB81EF26BF300429005 /* OffsetTransaction+CoreDataClass.swift */ = {isa = PBXFileReference; fileEncoding = 4; lastKnownFileType = sourcecode.swift; path = "OffsetTransaction+CoreDataClass.swift"; sourceTree = "<group>"; };
		BF56BAB91EF26BF300429005 /* OffsetTransaction+CoreDataProperties.swift */ = {isa = PBXFileReference; fileEncoding = 4; lastKnownFileType = sourcecode.swift; path = "OffsetTransaction+CoreDataProperties.swift"; sourceTree = "<group>"; };
		BF56BABA1EF26BF300429005 /* Currency+CoreDataClass.swift */ = {isa = PBXFileReference; fileEncoding = 4; lastKnownFileType = sourcecode.swift; path = "Currency+CoreDataClass.swift"; sourceTree = "<group>"; };
		BF56BABB1EF26BF300429005 /* Currency+CoreDataProperties.swift */ = {isa = PBXFileReference; fileEncoding = 4; lastKnownFileType = sourcecode.swift; path = "Currency+CoreDataProperties.swift"; sourceTree = "<group>"; };
		BF56BABC1EF26BF300429005 /* Group+CoreDataClass.swift */ = {isa = PBXFileReference; fileEncoding = 4; lastKnownFileType = sourcecode.swift; path = "Group+CoreDataClass.swift"; sourceTree = "<group>"; };
		BF56BABD1EF26BF300429005 /* Group+CoreDataProperties.swift */ = {isa = PBXFileReference; fileEncoding = 4; lastKnownFileType = sourcecode.swift; path = "Group+CoreDataProperties.swift"; sourceTree = "<group>"; };
		BF612E531EFBBC7D007110D4 /* PPSMSConfirmationViewController.swift */ = {isa = PBXFileReference; fileEncoding = 4; lastKnownFileType = sourcecode.swift; path = PPSMSConfirmationViewController.swift; sourceTree = "<group>"; };
		BF6516031F02467F00CEE051 /* countries-prefixes.json */ = {isa = PBXFileReference; fileEncoding = 4; lastKnownFileType = text.json; path = "countries-prefixes.json"; sourceTree = "<group>"; };
		BF69E1341F0E328D0004EE4E /* PPCardFirstFormViewController.swift */ = {isa = PBXFileReference; fileEncoding = 4; lastKnownFileType = sourcecode.swift; path = PPCardFirstFormViewController.swift; sourceTree = "<group>"; };
		BF7D9CB0B12DBCFD3FE80391 /* Pods_thepayproappUITests.framework */ = {isa = PBXFileReference; explicitFileType = wrapper.framework; includeInIndex = 0; path = Pods_thepayproappUITests.framework; sourceTree = BUILT_PRODUCTS_DIR; };
		BF9DB8721EDD770600C8A0ED /* thepayproapp.app */ = {isa = PBXFileReference; explicitFileType = wrapper.application; includeInIndex = 0; path = thepayproapp.app; sourceTree = BUILT_PRODUCTS_DIR; };
		BF9DB8751EDD770600C8A0ED /* AppDelegate.swift */ = {isa = PBXFileReference; lastKnownFileType = sourcecode.swift; path = AppDelegate.swift; sourceTree = "<group>"; };
		BF9DB87C1EDD770600C8A0ED /* Base */ = {isa = PBXFileReference; lastKnownFileType = file.storyboard; name = Base; path = Base.lproj/Main.storyboard; sourceTree = "<group>"; };
		BF9DB87E1EDD770600C8A0ED /* Assets.xcassets */ = {isa = PBXFileReference; lastKnownFileType = folder.assetcatalog; path = Assets.xcassets; sourceTree = "<group>"; };
		BF9DB8811EDD770600C8A0ED /* Base */ = {isa = PBXFileReference; lastKnownFileType = file.storyboard; name = Base; path = Base.lproj/LaunchScreen.storyboard; sourceTree = "<group>"; };
		BF9DB8831EDD770600C8A0ED /* Info.plist */ = {isa = PBXFileReference; lastKnownFileType = text.plist.xml; path = Info.plist; sourceTree = "<group>"; };
		BF9DB8881EDD770600C8A0ED /* thepayproappTests.xctest */ = {isa = PBXFileReference; explicitFileType = wrapper.cfbundle; includeInIndex = 0; path = thepayproappTests.xctest; sourceTree = BUILT_PRODUCTS_DIR; };
		BF9DB88C1EDD770600C8A0ED /* thepayproappTests.swift */ = {isa = PBXFileReference; lastKnownFileType = sourcecode.swift; path = thepayproappTests.swift; sourceTree = "<group>"; };
		BF9DB88E1EDD770600C8A0ED /* Info.plist */ = {isa = PBXFileReference; lastKnownFileType = text.plist.xml; path = Info.plist; sourceTree = "<group>"; };
		BF9DB8931EDD770600C8A0ED /* thepayproappUITests.xctest */ = {isa = PBXFileReference; explicitFileType = wrapper.cfbundle; includeInIndex = 0; path = thepayproappUITests.xctest; sourceTree = BUILT_PRODUCTS_DIR; };
		BF9DB8971EDD770600C8A0ED /* thepayproappUITests.swift */ = {isa = PBXFileReference; lastKnownFileType = sourcecode.swift; path = thepayproappUITests.swift; sourceTree = "<group>"; };
		BF9DB8991EDD770600C8A0ED /* Info.plist */ = {isa = PBXFileReference; lastKnownFileType = text.plist.xml; path = Info.plist; sourceTree = "<group>"; };
		BFBD89391F00FA6E003E7A4F /* PPPrefixSelectionViewController.swift */ = {isa = PBXFileReference; fileEncoding = 4; lastKnownFileType = sourcecode.swift; path = PPPrefixSelectionViewController.swift; sourceTree = "<group>"; };
		BFBD89421F0100FD003E7A4F /* CountryPrefixLocalConnection.swift */ = {isa = PBXFileReference; fileEncoding = 4; lastKnownFileType = sourcecode.swift; path = CountryPrefixLocalConnection.swift; sourceTree = "<group>"; };
		BFDA4CB61F1373D700300261 /* PPCardSecondFormViewController.swift */ = {isa = PBXFileReference; fileEncoding = 4; lastKnownFileType = sourcecode.swift; path = PPCardSecondFormViewController.swift; sourceTree = "<group>"; };
		BFDA4CB81F137EF400300261 /* PayProDate.swift */ = {isa = PBXFileReference; fileEncoding = 4; lastKnownFileType = sourcecode.swift; path = PayProDate.swift; sourceTree = "<group>"; };
		BFF7FA611EEFE5DE009D798E /* PPTabBarController.swift */ = {isa = PBXFileReference; fileEncoding = 4; lastKnownFileType = sourcecode.swift; path = PPTabBarController.swift; sourceTree = "<group>"; };
		BFF7FA671EEFF469009D798E /* PPSettingsViewController.swift */ = {isa = PBXFileReference; fileEncoding = 4; lastKnownFileType = sourcecode.swift; path = PPSettingsViewController.swift; sourceTree = "<group>"; };
		BFF7FA6A1EEFF48D009D798E /* PPSendMoneyViewController.swift */ = {isa = PBXFileReference; fileEncoding = 4; lastKnownFileType = sourcecode.swift; path = PPSendMoneyViewController.swift; sourceTree = "<group>"; };
		BFF7FA6D1EEFF4C9009D798E /* PPGroupsViewController.swift */ = {isa = PBXFileReference; fileEncoding = 4; lastKnownFileType = sourcecode.swift; path = PPGroupsViewController.swift; sourceTree = "<group>"; };
		BFF7FA721EEFF50B009D798E /* PPDemoAccountViewController.swift */ = {isa = PBXFileReference; fileEncoding = 4; lastKnownFileType = sourcecode.swift; path = PPDemoAccountViewController.swift; sourceTree = "<group>"; };
		D87E7015B19FF47C36DAC791 /* Pods-thepayproappUITests.debug.xcconfig */ = {isa = PBXFileReference; includeInIndex = 1; lastKnownFileType = text.xcconfig; name = "Pods-thepayproappUITests.debug.xcconfig"; path = "Pods/Target Support Files/Pods-thepayproappUITests/Pods-thepayproappUITests.debug.xcconfig"; sourceTree = "<group>"; };
		E61F7BACC0A7CA6BAD1E0FB1 /* Pods_thepayproappTests.framework */ = {isa = PBXFileReference; explicitFileType = wrapper.framework; includeInIndex = 0; path = Pods_thepayproappTests.framework; sourceTree = BUILT_PRODUCTS_DIR; };
/* End PBXFileReference section */

/* Begin PBXFrameworksBuildPhase section */
		BF9DB86F1EDD770500C8A0ED /* Frameworks */ = {
			isa = PBXFrameworksBuildPhase;
			buildActionMask = 2147483647;
			files = (
				6A4AE5B51F1374A80041B63F /* (null) in Frameworks */,
				2155405D1EF3D7D400670E86 /* ContactsUI.framework in Frameworks */,
				2155405B1EF3D7C900670E86 /* Contacts.framework in Frameworks */,
				47DF01DE01E7D7D898A65AFE /* Pods_thepayproapp.framework in Frameworks */,
			);
			runOnlyForDeploymentPostprocessing = 0;
		};
		BF9DB8851EDD770600C8A0ED /* Frameworks */ = {
			isa = PBXFrameworksBuildPhase;
			buildActionMask = 2147483647;
			files = (
				77324EC23C69DAC949032A50 /* Pods_thepayproappTests.framework in Frameworks */,
			);
			runOnlyForDeploymentPostprocessing = 0;
		};
		BF9DB8901EDD770600C8A0ED /* Frameworks */ = {
			isa = PBXFrameworksBuildPhase;
			buildActionMask = 2147483647;
			files = (
				898982352C785B0A87DE711B /* Pods_thepayproappUITests.framework in Frameworks */,
			);
			runOnlyForDeploymentPostprocessing = 0;
		};
/* End PBXFrameworksBuildPhase section */

/* Begin PBXGroup section */
		2128DBE71F0E93A00051FC8E /* Extensions */ = {
			isa = PBXGroup;
			children = (
				2128DBE81F0E93CA0051FC8E /* ExtensionString.swift */,
			);
			name = Extensions;
			sourceTree = "<group>";
		};
		215540571EF3CBF300670E86 /* PPContactViewController */ = {
			isa = PBXGroup;
			children = (
				215540581EF3CCD500670E86 /* PPContactViewController.swift */,
			);
			name = PPContactViewController;
			sourceTree = "<group>";
		};
		216CCA8C1EE8223F003FE3CE /* Models */ = {
			isa = PBXGroup;
			children = (
				BF56BACC1EF26FD500429005 /* CoreData */,
				BF56BACD1EF26FED00429005 /* Connection */,
				BF0275C31EF1285D000EA475 /* thepayproapp.xcdatamodeld */,
			);
			name = Models;
			sourceTree = "<group>";
		};
		216CCA8D1EE8224D003FE3CE /* Views */ = {
			isa = PBXGroup;
			children = (
				BF401F931F1CD0CA0071EA84 /* PPTransactionTableViewCell.swift */,
				BF401F941F1CD0CA0071EA84 /* PPTransactionTableViewCell.xib */,
			);
			name = Views;
			sourceTree = "<group>";
		};
		216CCA8E1EE82252003FE3CE /* Controllers */ = {
			isa = PBXGroup;
			children = (
				215540571EF3CBF300670E86 /* PPContactViewController */,
				BF31E8661EF93341004C233E /* PPEntryViewController */,
				BFBD89381F00F9D5003E7A4F /* PPPrefixSelectionViewController */,
				BF612E521EFBBC5E007110D4 /* PPSMSConfirmationViewController */,
				BF42C2941EFA7A4500DFBED7 /* PPPasscodeViewController */,
				BF50394B1EEFD89C007F619D /* PPTabBarController */,
				BFF7FA631EEFF3E0009D798E /* PPSupportViewController */,
				BFF7FA6C1EEFF4B6009D798E /* PPGroupsViewController */,
				BFF7FA691EEFF479009D798E /* PPSendMoneyViewController */,
				BFF7FA6F1EEFF4EA009D798E /* PPAccountViewController */,
				BFF7FA661EEFF44E009D798E /* PPSettingsViewController */,
			);
			name = Controllers;
			sourceTree = "<group>";
		};
		217316B51F05019A00DB0B14 /* ContactPicker */ = {
			isa = PBXGroup;
			children = (
				6A0CE8EC1EF58D7A000C0D1F /* Contact.swift */,
				6A0CE8EE1EF58D92000C0D1F /* Constants.swift */,
				6A0CE8EA1EF58D5E000C0D1F /* ContactCell.swift */,
				215540611EF3EF3E00670E86 /* ContactsPicker.swift */,
				2155405F1EF3EF2100670E86 /* Extensions.swift */,
				6A0CE8F01EF58DB9000C0D1F /* ContactCell.xib */,
			);
			name = ContactPicker;
			sourceTree = "<group>";
		};
		306162B3C6F0CECF1766A139 /* Frameworks */ = {
			isa = PBXGroup;
			children = (
				2155405C1EF3D7D400670E86 /* ContactsUI.framework */,
				2155405A1EF3D7C900670E86 /* Contacts.framework */,
				A8C53BEA6DF55F45B648C894 /* Pods_thepayproapp.framework */,
				E61F7BACC0A7CA6BAD1E0FB1 /* Pods_thepayproappTests.framework */,
				BF7D9CB0B12DBCFD3FE80391 /* Pods_thepayproappUITests.framework */,
			);
			name = Frameworks;
			sourceTree = "<group>";
		};
		95F7E1A008F00730DDB88543 /* Pods */ = {
			isa = PBXGroup;
			children = (
				92818D24EE98AC7382F0827B /* Pods-thepayproapp.debug.xcconfig */,
				3AD46AC53B7372C495343342 /* Pods-thepayproapp.release.xcconfig */,
				220E96BB616D905BE09C4351 /* Pods-thepayproappTests.debug.xcconfig */,
				9B2628C7C678438F8E8FEB1E /* Pods-thepayproappTests.release.xcconfig */,
				D87E7015B19FF47C36DAC791 /* Pods-thepayproappUITests.debug.xcconfig */,
				0AC05682788F4523E6443369 /* Pods-thepayproappUITests.release.xcconfig */,
			);
			name = Pods;
			sourceTree = "<group>";
		};
		BF31E8661EF93341004C233E /* PPEntryViewController */ = {
			isa = PBXGroup;
			children = (
				BF31E8671EF933C0004C233E /* PPEntryViewController.swift */,
			);
			name = PPEntryViewController;
			sourceTree = "<group>";
		};
		BF42C2911EFA626000DFBED7 /* Utils */ = {
			isa = PBXGroup;
			children = (
				2128DBE71F0E93A00051FC8E /* Extensions */,
				217316B51F05019A00DB0B14 /* ContactPicker */,
				21B948621EE700B30099A79F /* Colors.swift */,
				BF42C2921EFA629F00DFBED7 /* Utils.swift */,
				BFDA4CB81F137EF400300261 /* PayProDate.swift */,
			);
			name = Utils;
			sourceTree = "<group>";
		};
		BF42C2941EFA7A4500DFBED7 /* PPPasscodeViewController */ = {
			isa = PBXGroup;
			children = (
				BF42C2951EFA7A6900DFBED7 /* PPPasscodeViewController.swift */,
			);
			name = PPPasscodeViewController;
			sourceTree = "<group>";
		};
		BF50394B1EEFD89C007F619D /* PPTabBarController */ = {
			isa = PBXGroup;
			children = (
				BFF7FA611EEFE5DE009D798E /* PPTabBarController.swift */,
			);
			name = PPTabBarController;
			sourceTree = "<group>";
		};
		BF56BACC1EF26FD500429005 /* CoreData */ = {
			isa = PBXGroup;
			children = (
				BF31E8621EF90108004C233E /* User+CoreDataClass.swift */,
				BF31E8631EF90108004C233E /* User+CoreDataProperties.swift */,
				BF56BAB01EF26BF300429005 /* GroupMember+CoreDataClass.swift */,
				BF56BAB11EF26BF300429005 /* GroupMember+CoreDataProperties.swift */,
				BF56BAB21EF26BF300429005 /* Invite+CoreDataClass.swift */,
				BF56BAB31EF26BF300429005 /* Invite+CoreDataProperties.swift */,
				BF56BAB41EF26BF300429005 /* Transaction+CoreDataClass.swift */,
				BF56BAB51EF26BF300429005 /* Transaction+CoreDataProperties.swift */,
				BF56BAB61EF26BF300429005 /* Offset+CoreDataClass.swift */,
				BF56BAB71EF26BF300429005 /* Offset+CoreDataProperties.swift */,
				BF56BAB81EF26BF300429005 /* OffsetTransaction+CoreDataClass.swift */,
				BF56BAB91EF26BF300429005 /* OffsetTransaction+CoreDataProperties.swift */,
				BF56BABA1EF26BF300429005 /* Currency+CoreDataClass.swift */,
				BF56BABB1EF26BF300429005 /* Currency+CoreDataProperties.swift */,
				BF56BABC1EF26BF300429005 /* Group+CoreDataClass.swift */,
				BF56BABD1EF26BF300429005 /* Group+CoreDataProperties.swift */,
			);
			name = CoreData;
			sourceTree = "<group>";
		};
		BF56BACD1EF26FED00429005 /* Connection */ = {
			isa = PBXGroup;
			children = (
				BF2345741EF7B2DA00C50004 /* PPService.swift */,
				BF2345711EF7B13400C50004 /* User+Connection.swift */,
				BFBD89421F0100FD003E7A4F /* CountryPrefixLocalConnection.swift */,
				21203F161F0CF62C002A24B7 /* ContactsConnection.swift */,
			);
			name = Connection;
			sourceTree = "<group>";
		};
		BF612E521EFBBC5E007110D4 /* PPSMSConfirmationViewController */ = {
			isa = PBXGroup;
			children = (
				BF612E531EFBBC7D007110D4 /* PPSMSConfirmationViewController.swift */,
			);
			name = PPSMSConfirmationViewController;
			sourceTree = "<group>";
		};
		BF9CA1081F0A3E78006934C0 /* JSON */ = {
			isa = PBXGroup;
			children = (
				BF6516031F02467F00CEE051 /* countries-prefixes.json */,
			);
			name = JSON;
			sourceTree = "<group>";
		};
		BF9DB8691EDD770500C8A0ED = {
			isa = PBXGroup;
			children = (
				BF9DB8741EDD770600C8A0ED /* thepayproapp */,
				BF9DB88B1EDD770600C8A0ED /* thepayproappTests */,
				BF9DB8961EDD770600C8A0ED /* thepayproappUITests */,
				BF9DB8731EDD770600C8A0ED /* Products */,
				95F7E1A008F00730DDB88543 /* Pods */,
				306162B3C6F0CECF1766A139 /* Frameworks */,
			);
			sourceTree = "<group>";
		};
		BF9DB8731EDD770600C8A0ED /* Products */ = {
			isa = PBXGroup;
			children = (
				BF9DB8721EDD770600C8A0ED /* thepayproapp.app */,
				BF9DB8881EDD770600C8A0ED /* thepayproappTests.xctest */,
				BF9DB8931EDD770600C8A0ED /* thepayproappUITests.xctest */,
			);
			name = Products;
			sourceTree = "<group>";
		};
		BF9DB8741EDD770600C8A0ED /* thepayproapp */ = {
			isa = PBXGroup;
			children = (
				216CCA8E1EE82252003FE3CE /* Controllers */,
				216CCA8D1EE8224D003FE3CE /* Views */,
				216CCA8C1EE8223F003FE3CE /* Models */,
				BF42C2911EFA626000DFBED7 /* Utils */,
				BFBD893F1F00FF24003E7A4F /* Resources */,
				BF9DB8751EDD770600C8A0ED /* AppDelegate.swift */,
				BF9DB87B1EDD770600C8A0ED /* Main.storyboard */,
				BF9DB87E1EDD770600C8A0ED /* Assets.xcassets */,
				BF9DB8801EDD770600C8A0ED /* LaunchScreen.storyboard */,
				BF9DB8831EDD770600C8A0ED /* Info.plist */,
			);
			path = thepayproapp;
			sourceTree = "<group>";
		};
		BF9DB88B1EDD770600C8A0ED /* thepayproappTests */ = {
			isa = PBXGroup;
			children = (
				BF9DB88C1EDD770600C8A0ED /* thepayproappTests.swift */,
				BF9DB88E1EDD770600C8A0ED /* Info.plist */,
			);
			path = thepayproappTests;
			sourceTree = "<group>";
		};
		BF9DB8961EDD770600C8A0ED /* thepayproappUITests */ = {
			isa = PBXGroup;
			children = (
				BF9DB8971EDD770600C8A0ED /* thepayproappUITests.swift */,
				BF9DB8991EDD770600C8A0ED /* Info.plist */,
			);
			path = thepayproappUITests;
			sourceTree = "<group>";
		};
		BFBD89381F00F9D5003E7A4F /* PPPrefixSelectionViewController */ = {
			isa = PBXGroup;
			children = (
				BFBD89391F00FA6E003E7A4F /* PPPrefixSelectionViewController.swift */,
			);
			name = PPPrefixSelectionViewController;
			sourceTree = "<group>";
		};
		BFBD893F1F00FF24003E7A4F /* Resources */ = {
			isa = PBXGroup;
			children = (
				BF9CA1081F0A3E78006934C0 /* JSON */,
			);
			name = Resources;
			sourceTree = "<group>";
		};
		BFF7FA631EEFF3E0009D798E /* PPSupportViewController */ = {
			isa = PBXGroup;
			children = (
				217316BA1F05084900DB0B14 /* PPSupportViewController.swift */,
			);
			name = PPSupportViewController;
			sourceTree = "<group>";
		};
		BFF7FA661EEFF44E009D798E /* PPSettingsViewController */ = {
			isa = PBXGroup;
			children = (
				BFF7FA671EEFF469009D798E /* PPSettingsViewController.swift */,
				215FC1111EF14542005E69EE /* PPStatementViewController.swift */,
				213381261EFD1A5B0007A509 /* PPProfileViewController.swift */,
				213381281EFD1E2A0007A509 /* PPInfoViewController.swift */,
			);
			name = PPSettingsViewController;
			sourceTree = "<group>";
		};
		BFF7FA691EEFF479009D798E /* PPSendMoneyViewController */ = {
			isa = PBXGroup;
			children = (
				BFF7FA6A1EEFF48D009D798E /* PPSendMoneyViewController.swift */,
				6A0CE8F91EF6D816000C0D1F /* PPBankTransfeViewController.swift */,
				6A0CE8FB1EF6E600000C0D1F /* PPBankTransfeBeneficiaryTypeViewController.swift */,
				212100D21EF9069700208F72 /* PPBankTransfeReferenceViewController.swift */,
				212100D41EF9091600208F72 /* PPBankTransfeReferenceListViewController.swift */,
				21A114EC1EF9688A00664883 /* PPBankTransfeAmountViewController.swift */,
				21153CA01EFA5AF80075F73A /* PPBankTransferAccountDetailsViewController.swift */,
				217316BC1F053C3300DB0B14 /* PPBankTransfeResumViewController.swift */,
				2156A4D01F0A3318005EEE68 /* PPSendMoneyConfirmViewController.swift */,
				2128DBE51F0E20800051FC8E /* PPSendMoneyAmountViewController.swift */,
			);
			name = PPSendMoneyViewController;
			sourceTree = "<group>";
		};
		BFF7FA6C1EEFF4B6009D798E /* PPGroupsViewController */ = {
			isa = PBXGroup;
			children = (
				BFF7FA6D1EEFF4C9009D798E /* PPGroupsViewController.swift */,
			);
			name = PPGroupsViewController;
			sourceTree = "<group>";
		};
		BFF7FA6F1EEFF4EA009D798E /* PPAccountViewController */ = {
			isa = PBXGroup;
			children = (
				BFF7FA721EEFF50B009D798E /* PPDemoAccountViewController.swift */,
				217316B81F05072D00DB0B14 /* PPAcountViewController.swift */,
				BF69E1341F0E328D0004EE4E /* PPCardFirstFormViewController.swift */,
				BFDA4CB61F1373D700300261 /* PPCardSecondFormViewController.swift */,
			);
			name = PPAccountViewController;
			sourceTree = "<group>";
		};
/* End PBXGroup section */

/* Begin PBXNativeTarget section */
		BF9DB8711EDD770500C8A0ED /* thepayproapp */ = {
			isa = PBXNativeTarget;
			buildConfigurationList = BF9DB89C1EDD770600C8A0ED /* Build configuration list for PBXNativeTarget "thepayproapp" */;
			buildPhases = (
				0760BC40621130E1550EF89A /* [CP] Check Pods Manifest.lock */,
				BF9DB86E1EDD770500C8A0ED /* Sources */,
				BF9DB86F1EDD770500C8A0ED /* Frameworks */,
				BF9DB8701EDD770500C8A0ED /* Resources */,
				6176A7233DFD3E5849B502CC /* [CP] Embed Pods Frameworks */,
				867809DD7EA008DB3D1DEBF3 /* [CP] Copy Pods Resources */,
			);
			buildRules = (
			);
			dependencies = (
			);
			name = thepayproapp;
			productName = thepayproapp;
			productReference = BF9DB8721EDD770600C8A0ED /* thepayproapp.app */;
			productType = "com.apple.product-type.application";
		};
		BF9DB8871EDD770600C8A0ED /* thepayproappTests */ = {
			isa = PBXNativeTarget;
			buildConfigurationList = BF9DB89F1EDD770600C8A0ED /* Build configuration list for PBXNativeTarget "thepayproappTests" */;
			buildPhases = (
				2D171F09A1F4C8268D6095C6 /* [CP] Check Pods Manifest.lock */,
				BF9DB8841EDD770600C8A0ED /* Sources */,
				BF9DB8851EDD770600C8A0ED /* Frameworks */,
				BF9DB8861EDD770600C8A0ED /* Resources */,
				D3DEA7BDC61411D249722B82 /* [CP] Embed Pods Frameworks */,
				6BCD926D08E580D51B80814C /* [CP] Copy Pods Resources */,
			);
			buildRules = (
			);
			dependencies = (
				BF9DB88A1EDD770600C8A0ED /* PBXTargetDependency */,
			);
			name = thepayproappTests;
			productName = thepayproappTests;
			productReference = BF9DB8881EDD770600C8A0ED /* thepayproappTests.xctest */;
			productType = "com.apple.product-type.bundle.unit-test";
		};
		BF9DB8921EDD770600C8A0ED /* thepayproappUITests */ = {
			isa = PBXNativeTarget;
			buildConfigurationList = BF9DB8A21EDD770600C8A0ED /* Build configuration list for PBXNativeTarget "thepayproappUITests" */;
			buildPhases = (
				3FF4E7EE8D96338BDEF77960 /* [CP] Check Pods Manifest.lock */,
				BF9DB88F1EDD770600C8A0ED /* Sources */,
				BF9DB8901EDD770600C8A0ED /* Frameworks */,
				BF9DB8911EDD770600C8A0ED /* Resources */,
				5AF375E450E4E1FD4FA549BA /* [CP] Copy Pods Resources */,
				E70879C0AEE0846E02859F8A /* [CP] Embed Pods Frameworks */,
			);
			buildRules = (
			);
			dependencies = (
				BF9DB8951EDD770600C8A0ED /* PBXTargetDependency */,
			);
			name = thepayproappUITests;
			productName = thepayproappUITests;
			productReference = BF9DB8931EDD770600C8A0ED /* thepayproappUITests.xctest */;
			productType = "com.apple.product-type.bundle.ui-testing";
		};
/* End PBXNativeTarget section */

/* Begin PBXProject section */
		BF9DB86A1EDD770500C8A0ED /* Project object */ = {
			isa = PBXProject;
			attributes = {
				LastSwiftUpdateCheck = 0830;
				LastUpgradeCheck = 0830;
				ORGANIZATIONNAME = "The Pay Pro LTD";
				TargetAttributes = {
					BF9DB8711EDD770500C8A0ED = {
						CreatedOnToolsVersion = 8.3.2;
						DevelopmentTeam = 78E8NNX52N;
						ProvisioningStyle = Automatic;
					};
					BF9DB8871EDD770600C8A0ED = {
						CreatedOnToolsVersion = 8.3.2;
						DevelopmentTeam = 78E8NNX52N;
						ProvisioningStyle = Automatic;
						TestTargetID = BF9DB8711EDD770500C8A0ED;
					};
					BF9DB8921EDD770600C8A0ED = {
						CreatedOnToolsVersion = 8.3.2;
						DevelopmentTeam = 78E8NNX52N;
						ProvisioningStyle = Automatic;
						TestTargetID = BF9DB8711EDD770500C8A0ED;
					};
				};
			};
			buildConfigurationList = BF9DB86D1EDD770500C8A0ED /* Build configuration list for PBXProject "thepayproapp" */;
			compatibilityVersion = "Xcode 3.2";
			developmentRegion = English;
			hasScannedForEncodings = 0;
			knownRegions = (
				en,
				Base,
			);
			mainGroup = BF9DB8691EDD770500C8A0ED;
			productRefGroup = BF9DB8731EDD770600C8A0ED /* Products */;
			projectDirPath = "";
			projectRoot = "";
			targets = (
				BF9DB8711EDD770500C8A0ED /* thepayproapp */,
				BF9DB8871EDD770600C8A0ED /* thepayproappTests */,
				BF9DB8921EDD770600C8A0ED /* thepayproappUITests */,
			);
		};
/* End PBXProject section */

/* Begin PBXResourcesBuildPhase section */
		BF9DB8701EDD770500C8A0ED /* Resources */ = {
			isa = PBXResourcesBuildPhase;
			buildActionMask = 2147483647;
			files = (
				BF401F961F1CD0CA0071EA84 /* PPTransactionTableViewCell.xib in Resources */,
				BF9DB8821EDD770600C8A0ED /* LaunchScreen.storyboard in Resources */,
				6A0CE8F11EF58DB9000C0D1F /* ContactCell.xib in Resources */,
				BF9DB87F1EDD770600C8A0ED /* Assets.xcassets in Resources */,
				BF6516041F02467F00CEE051 /* countries-prefixes.json in Resources */,
				BF9DB87D1EDD770600C8A0ED /* Main.storyboard in Resources */,
			);
			runOnlyForDeploymentPostprocessing = 0;
		};
		BF9DB8861EDD770600C8A0ED /* Resources */ = {
			isa = PBXResourcesBuildPhase;
			buildActionMask = 2147483647;
			files = (
			);
			runOnlyForDeploymentPostprocessing = 0;
		};
		BF9DB8911EDD770600C8A0ED /* Resources */ = {
			isa = PBXResourcesBuildPhase;
			buildActionMask = 2147483647;
			files = (
			);
			runOnlyForDeploymentPostprocessing = 0;
		};
/* End PBXResourcesBuildPhase section */

/* Begin PBXShellScriptBuildPhase section */
		0760BC40621130E1550EF89A /* [CP] Check Pods Manifest.lock */ = {
			isa = PBXShellScriptBuildPhase;
			buildActionMask = 2147483647;
			files = (
			);
			inputPaths = (
			);
			name = "[CP] Check Pods Manifest.lock";
			outputPaths = (
			);
			runOnlyForDeploymentPostprocessing = 0;
			shellPath = /bin/sh;
			shellScript = "diff \"${PODS_PODFILE_DIR_PATH}/Podfile.lock\" \"${PODS_ROOT}/Manifest.lock\" > /dev/null\nif [ $? != 0 ] ; then\n    # print error to STDERR\n    echo \"error: The sandbox is not in sync with the Podfile.lock. Run 'pod install' or update your CocoaPods installation.\" >&2\n    exit 1\nfi\n";
			showEnvVarsInLog = 0;
		};
		2D171F09A1F4C8268D6095C6 /* [CP] Check Pods Manifest.lock */ = {
			isa = PBXShellScriptBuildPhase;
			buildActionMask = 2147483647;
			files = (
			);
			inputPaths = (
			);
			name = "[CP] Check Pods Manifest.lock";
			outputPaths = (
			);
			runOnlyForDeploymentPostprocessing = 0;
			shellPath = /bin/sh;
			shellScript = "diff \"${PODS_PODFILE_DIR_PATH}/Podfile.lock\" \"${PODS_ROOT}/Manifest.lock\" > /dev/null\nif [ $? != 0 ] ; then\n    # print error to STDERR\n    echo \"error: The sandbox is not in sync with the Podfile.lock. Run 'pod install' or update your CocoaPods installation.\" >&2\n    exit 1\nfi\n";
			showEnvVarsInLog = 0;
		};
		3FF4E7EE8D96338BDEF77960 /* [CP] Check Pods Manifest.lock */ = {
			isa = PBXShellScriptBuildPhase;
			buildActionMask = 2147483647;
			files = (
			);
			inputPaths = (
			);
			name = "[CP] Check Pods Manifest.lock";
			outputPaths = (
			);
			runOnlyForDeploymentPostprocessing = 0;
			shellPath = /bin/sh;
			shellScript = "diff \"${PODS_PODFILE_DIR_PATH}/Podfile.lock\" \"${PODS_ROOT}/Manifest.lock\" > /dev/null\nif [ $? != 0 ] ; then\n    # print error to STDERR\n    echo \"error: The sandbox is not in sync with the Podfile.lock. Run 'pod install' or update your CocoaPods installation.\" >&2\n    exit 1\nfi\n";
			showEnvVarsInLog = 0;
		};
		5AF375E450E4E1FD4FA549BA /* [CP] Copy Pods Resources */ = {
			isa = PBXShellScriptBuildPhase;
			buildActionMask = 2147483647;
			files = (
			);
			inputPaths = (
			);
			name = "[CP] Copy Pods Resources";
			outputPaths = (
			);
			runOnlyForDeploymentPostprocessing = 0;
			shellPath = /bin/sh;
			shellScript = "\"${SRCROOT}/Pods/Target Support Files/Pods-thepayproappUITests/Pods-thepayproappUITests-resources.sh\"\n";
			showEnvVarsInLog = 0;
		};
		6176A7233DFD3E5849B502CC /* [CP] Embed Pods Frameworks */ = {
			isa = PBXShellScriptBuildPhase;
			buildActionMask = 2147483647;
			files = (
			);
			inputPaths = (
			);
			name = "[CP] Embed Pods Frameworks";
			outputPaths = (
			);
			runOnlyForDeploymentPostprocessing = 0;
			shellPath = /bin/sh;
			shellScript = "\"${SRCROOT}/Pods/Target Support Files/Pods-thepayproapp/Pods-thepayproapp-frameworks.sh\"\n";
			showEnvVarsInLog = 0;
		};
		6BCD926D08E580D51B80814C /* [CP] Copy Pods Resources */ = {
			isa = PBXShellScriptBuildPhase;
			buildActionMask = 2147483647;
			files = (
			);
			inputPaths = (
			);
			name = "[CP] Copy Pods Resources";
			outputPaths = (
			);
			runOnlyForDeploymentPostprocessing = 0;
			shellPath = /bin/sh;
			shellScript = "\"${SRCROOT}/Pods/Target Support Files/Pods-thepayproappTests/Pods-thepayproappTests-resources.sh\"\n";
			showEnvVarsInLog = 0;
		};
		867809DD7EA008DB3D1DEBF3 /* [CP] Copy Pods Resources */ = {
			isa = PBXShellScriptBuildPhase;
			buildActionMask = 2147483647;
			files = (
			);
			inputPaths = (
			);
			name = "[CP] Copy Pods Resources";
			outputPaths = (
			);
			runOnlyForDeploymentPostprocessing = 0;
			shellPath = /bin/sh;
			shellScript = "\"${SRCROOT}/Pods/Target Support Files/Pods-thepayproapp/Pods-thepayproapp-resources.sh\"\n";
			showEnvVarsInLog = 0;
		};
		D3DEA7BDC61411D249722B82 /* [CP] Embed Pods Frameworks */ = {
			isa = PBXShellScriptBuildPhase;
			buildActionMask = 2147483647;
			files = (
			);
			inputPaths = (
			);
			name = "[CP] Embed Pods Frameworks";
			outputPaths = (
			);
			runOnlyForDeploymentPostprocessing = 0;
			shellPath = /bin/sh;
			shellScript = "\"${SRCROOT}/Pods/Target Support Files/Pods-thepayproappTests/Pods-thepayproappTests-frameworks.sh\"\n";
			showEnvVarsInLog = 0;
		};
		E70879C0AEE0846E02859F8A /* [CP] Embed Pods Frameworks */ = {
			isa = PBXShellScriptBuildPhase;
			buildActionMask = 2147483647;
			files = (
			);
			inputPaths = (
			);
			name = "[CP] Embed Pods Frameworks";
			outputPaths = (
			);
			runOnlyForDeploymentPostprocessing = 0;
			shellPath = /bin/sh;
			shellScript = "\"${SRCROOT}/Pods/Target Support Files/Pods-thepayproappUITests/Pods-thepayproappUITests-frameworks.sh\"\n";
			showEnvVarsInLog = 0;
		};
/* End PBXShellScriptBuildPhase section */

/* Begin PBXSourcesBuildPhase section */
		BF9DB86E1EDD770500C8A0ED /* Sources */ = {
			isa = PBXSourcesBuildPhase;
			buildActionMask = 2147483647;
			files = (
				BF56BAC61EF26BF300429005 /* OffsetTransaction+CoreDataClass.swift in Sources */,
				BF56BACB1EF26BF300429005 /* Group+CoreDataProperties.swift in Sources */,
				21203F171F0CF62C002A24B7 /* ContactsConnection.swift in Sources */,
				BF56BAC81EF26BF300429005 /* Currency+CoreDataClass.swift in Sources */,
				BF56BAC01EF26BF300429005 /* Invite+CoreDataClass.swift in Sources */,
				BFF7FA6B1EEFF48D009D798E /* PPSendMoneyViewController.swift in Sources */,
				212100D31EF9069700208F72 /* PPBankTransfeReferenceViewController.swift in Sources */,
				212100D51EF9091600208F72 /* PPBankTransfeReferenceListViewController.swift in Sources */,
				213381271EFD1A5B0007A509 /* PPProfileViewController.swift in Sources */,
				215540621EF3EF3E00670E86 /* ContactsPicker.swift in Sources */,
				6A0CE8EF1EF58D92000C0D1F /* Constants.swift in Sources */,
				BF42C2931EFA629F00DFBED7 /* Utils.swift in Sources */,
				BF31E8641EF90108004C233E /* User+CoreDataClass.swift in Sources */,
				BF2345721EF7B13400C50004 /* User+Connection.swift in Sources */,
				BF56BAC91EF26BF300429005 /* Currency+CoreDataProperties.swift in Sources */,
				BFDA4CB71F1373D700300261 /* PPCardSecondFormViewController.swift in Sources */,
				BF69E1351F0E328D0004EE4E /* PPCardFirstFormViewController.swift in Sources */,
				BFDA4CB91F137EF400300261 /* PayProDate.swift in Sources */,
				BF56BAC71EF26BF300429005 /* OffsetTransaction+CoreDataProperties.swift in Sources */,
				BF31E8651EF90108004C233E /* User+CoreDataProperties.swift in Sources */,
				217316B91F05072D00DB0B14 /* PPAcountViewController.swift in Sources */,
				BF56BAC51EF26BF300429005 /* Offset+CoreDataProperties.swift in Sources */,
				BF31E8681EF933C0004C233E /* PPEntryViewController.swift in Sources */,
				BF56BAC11EF26BF300429005 /* Invite+CoreDataProperties.swift in Sources */,
				BF56BACA1EF26BF300429005 /* Group+CoreDataClass.swift in Sources */,
				BF612E541EFBBC7D007110D4 /* PPSMSConfirmationViewController.swift in Sources */,
				BF56BABF1EF26BF300429005 /* GroupMember+CoreDataProperties.swift in Sources */,
				BF56BAC21EF26BF300429005 /* Transaction+CoreDataClass.swift in Sources */,
				BFF7FA681EEFF469009D798E /* PPSettingsViewController.swift in Sources */,
				21B948631EE700B30099A79F /* Colors.swift in Sources */,
				BF56BAC41EF26BF300429005 /* Offset+CoreDataClass.swift in Sources */,
				BF0275C51EF1285D000EA475 /* thepayproapp.xcdatamodeld in Sources */,
				2156A4D11F0A3318005EEE68 /* PPSendMoneyConfirmViewController.swift in Sources */,
				217316BD1F053C3300DB0B14 /* PPBankTransfeResumViewController.swift in Sources */,
				BF401F951F1CD0CA0071EA84 /* PPTransactionTableViewCell.swift in Sources */,
				BF42C2961EFA7A6900DFBED7 /* PPPasscodeViewController.swift in Sources */,
				BFF7FA6E1EEFF4C9009D798E /* PPGroupsViewController.swift in Sources */,
				BFF7FA731EEFF50C009D798E /* PPDemoAccountViewController.swift in Sources */,
				215FC1121EF14542005E69EE /* PPStatementViewController.swift in Sources */,
				6A0CE8EB1EF58D5E000C0D1F /* ContactCell.swift in Sources */,
				215540601EF3EF2100670E86 /* Extensions.swift in Sources */,
				215540591EF3CCD500670E86 /* PPContactViewController.swift in Sources */,
				213381291EFD1E2A0007A509 /* PPInfoViewController.swift in Sources */,
				21A114ED1EF9688A00664883 /* PPBankTransfeAmountViewController.swift in Sources */,
				6A0CE8ED1EF58D7A000C0D1F /* Contact.swift in Sources */,
				BFBD89431F0100FD003E7A4F /* CountryPrefixLocalConnection.swift in Sources */,
				BF56BAC31EF26BF300429005 /* Transaction+CoreDataProperties.swift in Sources */,
				217316BB1F05084900DB0B14 /* PPSupportViewController.swift in Sources */,
				BF2345751EF7B2DA00C50004 /* PPService.swift in Sources */,
				BFF7FA621EEFE5DE009D798E /* PPTabBarController.swift in Sources */,
				21153CA11EFA5AF80075F73A /* PPBankTransferAccountDetailsViewController.swift in Sources */,
				6A0CE8FC1EF6E600000C0D1F /* PPBankTransfeBeneficiaryTypeViewController.swift in Sources */,
				6A0CE8FA1EF6D816000C0D1F /* PPBankTransfeViewController.swift in Sources */,
				BF9DB8761EDD770600C8A0ED /* AppDelegate.swift in Sources */,
				2128DBE91F0E93CA0051FC8E /* ExtensionString.swift in Sources */,
				2128DBE61F0E20800051FC8E /* PPSendMoneyAmountViewController.swift in Sources */,
				BFBD893A1F00FA6E003E7A4F /* PPPrefixSelectionViewController.swift in Sources */,
				BF56BABE1EF26BF300429005 /* GroupMember+CoreDataClass.swift in Sources */,
			);
			runOnlyForDeploymentPostprocessing = 0;
		};
		BF9DB8841EDD770600C8A0ED /* Sources */ = {
			isa = PBXSourcesBuildPhase;
			buildActionMask = 2147483647;
			files = (
				BF9DB88D1EDD770600C8A0ED /* thepayproappTests.swift in Sources */,
			);
			runOnlyForDeploymentPostprocessing = 0;
		};
		BF9DB88F1EDD770600C8A0ED /* Sources */ = {
			isa = PBXSourcesBuildPhase;
			buildActionMask = 2147483647;
			files = (
				BF9DB8981EDD770600C8A0ED /* thepayproappUITests.swift in Sources */,
			);
			runOnlyForDeploymentPostprocessing = 0;
		};
/* End PBXSourcesBuildPhase section */

/* Begin PBXTargetDependency section */
		BF9DB88A1EDD770600C8A0ED /* PBXTargetDependency */ = {
			isa = PBXTargetDependency;
			target = BF9DB8711EDD770500C8A0ED /* thepayproapp */;
			targetProxy = BF9DB8891EDD770600C8A0ED /* PBXContainerItemProxy */;
		};
		BF9DB8951EDD770600C8A0ED /* PBXTargetDependency */ = {
			isa = PBXTargetDependency;
			target = BF9DB8711EDD770500C8A0ED /* thepayproapp */;
			targetProxy = BF9DB8941EDD770600C8A0ED /* PBXContainerItemProxy */;
		};
/* End PBXTargetDependency section */

/* Begin PBXVariantGroup section */
		BF9DB87B1EDD770600C8A0ED /* Main.storyboard */ = {
			isa = PBXVariantGroup;
			children = (
				BF9DB87C1EDD770600C8A0ED /* Base */,
			);
			name = Main.storyboard;
			sourceTree = "<group>";
		};
		BF9DB8801EDD770600C8A0ED /* LaunchScreen.storyboard */ = {
			isa = PBXVariantGroup;
			children = (
				BF9DB8811EDD770600C8A0ED /* Base */,
			);
			name = LaunchScreen.storyboard;
			sourceTree = "<group>";
		};
/* End PBXVariantGroup section */

/* Begin XCBuildConfiguration section */
		BF9DB89A1EDD770600C8A0ED /* Debug */ = {
			isa = XCBuildConfiguration;
			buildSettings = {
				ALWAYS_SEARCH_USER_PATHS = NO;
				CLANG_ANALYZER_NONNULL = YES;
				CLANG_ANALYZER_NUMBER_OBJECT_CONVERSION = YES_AGGRESSIVE;
				CLANG_CXX_LANGUAGE_STANDARD = "gnu++0x";
				CLANG_CXX_LIBRARY = "libc++";
				CLANG_ENABLE_MODULES = YES;
				CLANG_ENABLE_OBJC_ARC = YES;
				CLANG_WARN_BOOL_CONVERSION = YES;
				CLANG_WARN_CONSTANT_CONVERSION = YES;
				CLANG_WARN_DIRECT_OBJC_ISA_USAGE = YES_ERROR;
				CLANG_WARN_DOCUMENTATION_COMMENTS = YES;
				CLANG_WARN_EMPTY_BODY = YES;
				CLANG_WARN_ENUM_CONVERSION = YES;
				CLANG_WARN_INFINITE_RECURSION = YES;
				CLANG_WARN_INT_CONVERSION = YES;
				CLANG_WARN_OBJC_ROOT_CLASS = YES_ERROR;
				CLANG_WARN_SUSPICIOUS_MOVE = YES;
				CLANG_WARN_UNREACHABLE_CODE = YES;
				CLANG_WARN__DUPLICATE_METHOD_MATCH = YES;
				"CODE_SIGN_IDENTITY[sdk=iphoneos*]" = "iPhone Developer";
				COPY_PHASE_STRIP = NO;
				DEBUG_INFORMATION_FORMAT = dwarf;
				ENABLE_STRICT_OBJC_MSGSEND = YES;
				ENABLE_TESTABILITY = YES;
				GCC_C_LANGUAGE_STANDARD = gnu99;
				GCC_DYNAMIC_NO_PIC = NO;
				GCC_NO_COMMON_BLOCKS = YES;
				GCC_OPTIMIZATION_LEVEL = 0;
				GCC_PREPROCESSOR_DEFINITIONS = (
					"DEBUG=1",
					"$(inherited)",
				);
				GCC_WARN_64_TO_32_BIT_CONVERSION = YES;
				GCC_WARN_ABOUT_RETURN_TYPE = YES_ERROR;
				GCC_WARN_UNDECLARED_SELECTOR = YES;
				GCC_WARN_UNINITIALIZED_AUTOS = YES_AGGRESSIVE;
				GCC_WARN_UNUSED_FUNCTION = YES;
				GCC_WARN_UNUSED_VARIABLE = YES;
				IPHONEOS_DEPLOYMENT_TARGET = 10.3;
				MTL_ENABLE_DEBUG_INFO = YES;
				ONLY_ACTIVE_ARCH = YES;
				SDKROOT = iphoneos;
				SWIFT_ACTIVE_COMPILATION_CONDITIONS = DEBUG;
				SWIFT_OPTIMIZATION_LEVEL = "-Onone";
				TARGETED_DEVICE_FAMILY = "1,2";
			};
			name = Debug;
		};
		BF9DB89B1EDD770600C8A0ED /* Release */ = {
			isa = XCBuildConfiguration;
			buildSettings = {
				ALWAYS_SEARCH_USER_PATHS = NO;
				CLANG_ANALYZER_NONNULL = YES;
				CLANG_ANALYZER_NUMBER_OBJECT_CONVERSION = YES_AGGRESSIVE;
				CLANG_CXX_LANGUAGE_STANDARD = "gnu++0x";
				CLANG_CXX_LIBRARY = "libc++";
				CLANG_ENABLE_MODULES = YES;
				CLANG_ENABLE_OBJC_ARC = YES;
				CLANG_WARN_BOOL_CONVERSION = YES;
				CLANG_WARN_CONSTANT_CONVERSION = YES;
				CLANG_WARN_DIRECT_OBJC_ISA_USAGE = YES_ERROR;
				CLANG_WARN_DOCUMENTATION_COMMENTS = YES;
				CLANG_WARN_EMPTY_BODY = YES;
				CLANG_WARN_ENUM_CONVERSION = YES;
				CLANG_WARN_INFINITE_RECURSION = YES;
				CLANG_WARN_INT_CONVERSION = YES;
				CLANG_WARN_OBJC_ROOT_CLASS = YES_ERROR;
				CLANG_WARN_SUSPICIOUS_MOVE = YES;
				CLANG_WARN_UNREACHABLE_CODE = YES;
				CLANG_WARN__DUPLICATE_METHOD_MATCH = YES;
				"CODE_SIGN_IDENTITY[sdk=iphoneos*]" = "iPhone Developer";
				COPY_PHASE_STRIP = NO;
				DEBUG_INFORMATION_FORMAT = "dwarf-with-dsym";
				ENABLE_NS_ASSERTIONS = NO;
				ENABLE_STRICT_OBJC_MSGSEND = YES;
				GCC_C_LANGUAGE_STANDARD = gnu99;
				GCC_NO_COMMON_BLOCKS = YES;
				GCC_WARN_64_TO_32_BIT_CONVERSION = YES;
				GCC_WARN_ABOUT_RETURN_TYPE = YES_ERROR;
				GCC_WARN_UNDECLARED_SELECTOR = YES;
				GCC_WARN_UNINITIALIZED_AUTOS = YES_AGGRESSIVE;
				GCC_WARN_UNUSED_FUNCTION = YES;
				GCC_WARN_UNUSED_VARIABLE = YES;
				IPHONEOS_DEPLOYMENT_TARGET = 10.3;
				MTL_ENABLE_DEBUG_INFO = NO;
				SDKROOT = iphoneos;
				SWIFT_OPTIMIZATION_LEVEL = "-Owholemodule";
				TARGETED_DEVICE_FAMILY = "1,2";
				VALIDATE_PRODUCT = YES;
			};
			name = Release;
		};
		BF9DB89D1EDD770600C8A0ED /* Debug */ = {
			isa = XCBuildConfiguration;
			baseConfigurationReference = 92818D24EE98AC7382F0827B /* Pods-thepayproapp.debug.xcconfig */;
			buildSettings = {
				ASSETCATALOG_COMPILER_APPICON_NAME = AppIcon;
				ASSETCATALOG_COMPILER_LAUNCHIMAGE_NAME = "LaunchImage-2";
				DEVELOPMENT_TEAM = 78E8NNX52N;
				INFOPLIST_FILE = thepayproapp/Info.plist;
				IPHONEOS_DEPLOYMENT_TARGET = 9.3;
				LD_RUNPATH_SEARCH_PATHS = "$(inherited) @executable_path/Frameworks";
				PRODUCT_BUNDLE_IDENTIFIER = com.payproapp;
				PRODUCT_NAME = "$(TARGET_NAME)";
				SWIFT_VERSION = 3.0;
				TARGETED_DEVICE_FAMILY = 1;
			};
			name = Debug;
		};
		BF9DB89E1EDD770600C8A0ED /* Release */ = {
			isa = XCBuildConfiguration;
			baseConfigurationReference = 3AD46AC53B7372C495343342 /* Pods-thepayproapp.release.xcconfig */;
			buildSettings = {
				ASSETCATALOG_COMPILER_APPICON_NAME = AppIcon;
				ASSETCATALOG_COMPILER_LAUNCHIMAGE_NAME = "LaunchImage-2";
				DEVELOPMENT_TEAM = 78E8NNX52N;
				INFOPLIST_FILE = thepayproapp/Info.plist;
				IPHONEOS_DEPLOYMENT_TARGET = 9.3;
				LD_RUNPATH_SEARCH_PATHS = "$(inherited) @executable_path/Frameworks";
				PRODUCT_BUNDLE_IDENTIFIER = com.payproapp;
				PRODUCT_NAME = "$(TARGET_NAME)";
				SWIFT_VERSION = 3.0;
				TARGETED_DEVICE_FAMILY = 1;
			};
			name = Release;
		};
		BF9DB8A01EDD770600C8A0ED /* Debug */ = {
			isa = XCBuildConfiguration;
			baseConfigurationReference = 220E96BB616D905BE09C4351 /* Pods-thepayproappTests.debug.xcconfig */;
			buildSettings = {
				ALWAYS_EMBED_SWIFT_STANDARD_LIBRARIES = YES;
				BUNDLE_LOADER = "$(TEST_HOST)";
				DEVELOPMENT_TEAM = 78E8NNX52N;
				INFOPLIST_FILE = thepayproappTests/Info.plist;
				LD_RUNPATH_SEARCH_PATHS = "$(inherited) @executable_path/Frameworks @loader_path/Frameworks";
				PRODUCT_BUNDLE_IDENTIFIER = com.thepaypro.thepayproappTests;
				PRODUCT_NAME = "$(TARGET_NAME)";
				SWIFT_VERSION = 3.0;
				TEST_HOST = "$(BUILT_PRODUCTS_DIR)/thepayproapp.app/thepayproapp";
			};
			name = Debug;
		};
		BF9DB8A11EDD770600C8A0ED /* Release */ = {
			isa = XCBuildConfiguration;
			baseConfigurationReference = 9B2628C7C678438F8E8FEB1E /* Pods-thepayproappTests.release.xcconfig */;
			buildSettings = {
				ALWAYS_EMBED_SWIFT_STANDARD_LIBRARIES = YES;
				BUNDLE_LOADER = "$(TEST_HOST)";
				DEVELOPMENT_TEAM = 78E8NNX52N;
				INFOPLIST_FILE = thepayproappTests/Info.plist;
				LD_RUNPATH_SEARCH_PATHS = "$(inherited) @executable_path/Frameworks @loader_path/Frameworks";
				PRODUCT_BUNDLE_IDENTIFIER = com.thepaypro.thepayproappTests;
				PRODUCT_NAME = "$(TARGET_NAME)";
				SWIFT_VERSION = 3.0;
				TEST_HOST = "$(BUILT_PRODUCTS_DIR)/thepayproapp.app/thepayproapp";
			};
			name = Release;
		};
		BF9DB8A31EDD770600C8A0ED /* Debug */ = {
			isa = XCBuildConfiguration;
			baseConfigurationReference = D87E7015B19FF47C36DAC791 /* Pods-thepayproappUITests.debug.xcconfig */;
			buildSettings = {
				ALWAYS_EMBED_SWIFT_STANDARD_LIBRARIES = YES;
				DEVELOPMENT_TEAM = 78E8NNX52N;
				INFOPLIST_FILE = thepayproappUITests/Info.plist;
				LD_RUNPATH_SEARCH_PATHS = "$(inherited) @executable_path/Frameworks @loader_path/Frameworks";
				PRODUCT_BUNDLE_IDENTIFIER = com.thepaypro.thepayproappUITests;
				PRODUCT_NAME = "$(TARGET_NAME)";
				SWIFT_VERSION = 3.0;
				TEST_TARGET_NAME = thepayproapp;
			};
			name = Debug;
		};
		BF9DB8A41EDD770600C8A0ED /* Release */ = {
			isa = XCBuildConfiguration;
			baseConfigurationReference = 0AC05682788F4523E6443369 /* Pods-thepayproappUITests.release.xcconfig */;
			buildSettings = {
				ALWAYS_EMBED_SWIFT_STANDARD_LIBRARIES = YES;
				DEVELOPMENT_TEAM = 78E8NNX52N;
				INFOPLIST_FILE = thepayproappUITests/Info.plist;
				LD_RUNPATH_SEARCH_PATHS = "$(inherited) @executable_path/Frameworks @loader_path/Frameworks";
				PRODUCT_BUNDLE_IDENTIFIER = com.thepaypro.thepayproappUITests;
				PRODUCT_NAME = "$(TARGET_NAME)";
				SWIFT_VERSION = 3.0;
				TEST_TARGET_NAME = thepayproapp;
			};
			name = Release;
		};
/* End XCBuildConfiguration section */

/* Begin XCConfigurationList section */
		BF9DB86D1EDD770500C8A0ED /* Build configuration list for PBXProject "thepayproapp" */ = {
			isa = XCConfigurationList;
			buildConfigurations = (
				BF9DB89A1EDD770600C8A0ED /* Debug */,
				BF9DB89B1EDD770600C8A0ED /* Release */,
			);
			defaultConfigurationIsVisible = 0;
			defaultConfigurationName = Release;
		};
		BF9DB89C1EDD770600C8A0ED /* Build configuration list for PBXNativeTarget "thepayproapp" */ = {
			isa = XCConfigurationList;
			buildConfigurations = (
				BF9DB89D1EDD770600C8A0ED /* Debug */,
				BF9DB89E1EDD770600C8A0ED /* Release */,
			);
			defaultConfigurationIsVisible = 0;
			defaultConfigurationName = Release;
		};
		BF9DB89F1EDD770600C8A0ED /* Build configuration list for PBXNativeTarget "thepayproappTests" */ = {
			isa = XCConfigurationList;
			buildConfigurations = (
				BF9DB8A01EDD770600C8A0ED /* Debug */,
				BF9DB8A11EDD770600C8A0ED /* Release */,
			);
			defaultConfigurationIsVisible = 0;
			defaultConfigurationName = Release;
		};
		BF9DB8A21EDD770600C8A0ED /* Build configuration list for PBXNativeTarget "thepayproappUITests" */ = {
			isa = XCConfigurationList;
			buildConfigurations = (
				BF9DB8A31EDD770600C8A0ED /* Debug */,
				BF9DB8A41EDD770600C8A0ED /* Release */,
			);
			defaultConfigurationIsVisible = 0;
			defaultConfigurationName = Release;
		};
/* End XCConfigurationList section */

/* Begin XCVersionGroup section */
		BF0275C31EF1285D000EA475 /* thepayproapp.xcdatamodeld */ = {
			isa = XCVersionGroup;
			children = (
				BF0275C41EF1285D000EA475 /* thepayproapp.xcdatamodel */,
			);
			currentVersion = BF0275C41EF1285D000EA475 /* thepayproapp.xcdatamodel */;
			path = thepayproapp.xcdatamodeld;
			sourceTree = "<group>";
			versionGroupType = wrapper.xcdatamodel;
		};
/* End XCVersionGroup section */
	};
	rootObject = BF9DB86A1EDD770500C8A0ED /* Project object */;
}
